{
    "_meta": {
        "hash": {
            "sha256": "c2b6f6fab9ea7bb3bd43f1c36c67bfecc62074f065de9b2976f4b94b738343fe"
        },
        "host-environment-markers": {
            "implementation_name": "cpython",
            "implementation_version": "3.6.2",
            "os_name": "posix",
            "platform_machine": "x86_64",
            "platform_python_implementation": "CPython",
            "platform_release": "4.13.8-1-ARCH",
            "platform_system": "Linux",
            "platform_version": "#1 SMP PREEMPT Wed Oct 18 11:49:44 CEST 2017",
            "python_full_version": "3.6.2",
            "python_version": "3.6",
            "sys_platform": "linux"
        },
        "pipfile-spec": 6,
        "requires": {},
        "sources": [
            {
                "url": "https://pypi.python.org/simple",
                "verify_ssl": true
            }
        ]
    },
    "default": {
        "certifi": {
            "hashes": [
                "sha256:54a07c09c586b0e4c619f02a5e94e36619da8e2b053e20f594348c0611803704",
                "sha256:40523d2efb60523e113b44602298f0960e900388cf3bb6043f645cf57ea9e3f5"
            ],
            "version": "==2017.7.27.1"
        },
        "chardet": {
            "hashes": [
                "sha256:fc323ffcaeaed0e0a02bf4d117757b98aed530d9ed4531e3e15460124c106691",
                "sha256:84ab92ed1c4d4f16916e05906b6b75a6c0fb5db821cc65e70cbd64a3e2a5eaae"
            ],
            "version": "==3.0.4"
        },
        "django": {
            "hashes": [
                "sha256:7ab6a9c798a5f9f359ee6da3677211f883fb02ef32cebe9b29751eb7a871febf",
                "sha256:c3b42ca1efa1c0a129a9e863134cc3fe705c651dea3a04a7998019e522af0c60"
            ],
            "version": "==1.11.6"
        },
        "djangorestframework": {
            "hashes": [
                "sha256:cd7f0f678d63e2be561834ff2049eef6d9fd6fb85c63bea7e94597b36c015bf4",
                "sha256:305b2c6564ca46d3b558ba21110ed717135c467adf1a6dfd192bd85f4bb04d50"
            ],
            "version": "==3.7.1"
        },
        "flake8": {
            "hashes": [
                "sha256:f1a9d8886a9cbefb52485f4f4c770832c7fb569c084a9a314fb1eaa37c0c2c86",
                "sha256:c20044779ff848f67f89c56a0e4624c04298cd476e25253ac0c36f910a1a11d8"
            ],
            "version": "==3.4.1"
        },
        "idna": {
            "hashes": [
                "sha256:8c7309c718f94b3a625cb648ace320157ad16ff131ae0af362c9f21b80ef6ec4",
                "sha256:2c6a5de3089009e3da7c5dde64a141dbc8551d5b7f6cf4ed7c2568d0cc520a8f"
            ],
            "version": "==2.6"
        },
        "mccabe": {
            "hashes": [
                "sha256:ab8a6258860da4b6677da4bd2fe5dc2c659cff31b3ee4f7f5d64e79735b80d42",
                "sha256:dd8d182285a0fe56bace7f45b5e7d1a6ebcbf524e8f3bd87eb0f125271b8831f"
            ],
            "version": "==0.6.1"
        },
        "pew": {
            "hashes": [
                "sha256:20a8b4c448d1db50486c040b1be7c917f9f691507d6021c59c752f8b40ba46af",
                "sha256:d0f9d127cf321c959bb857e59080f7eaa59c8bbeb2d53aa07d3350aae50e1f2d"
            ],
            "version": "==1.1.0"
        },
        "pipenv": {
            "hashes": [
                "sha256:f5fb18d22c3252c6778a1e741476bae841f5cf966b88527d55fd3f8c8dee9323"
            ],
            "version": "==8.2.7"
        },
        "pycodestyle": {
            "hashes": [
                "sha256:6c4245ade1edfad79c3446fadfc96b0de2759662dc29d07d80a6f27ad1ca6ba9",
                "sha256:682256a5b318149ca0d2a9185d365d8864a768a28db66a84a2ea946bcc426766"
            ],
            "version": "==2.3.1"
        },
        "pyflakes": {
            "hashes": [
                "sha256:cc5eadfb38041f8366128786b4ca12700ed05bbf1403d808e89d57d67a3875a7",
                "sha256:aa0d4dff45c0cc2214ba158d29280f8fa1129f3e87858ef825930845146337f4"
            ],
            "version": "==1.5.0"
        },
        "pytz": {
            "hashes": [
                "sha256:c883c2d6670042c7bc1688645cac73dd2b03193d1f7a6847b6154e96890be06d",
                "sha256:03c9962afe00e503e2d96abab4e8998a0f84d4230fa57afe1e0528473698cdd9",
                "sha256:487e7d50710661116325747a9cd1744d3323f8e49748e287bc9e659060ec6bf9",
                "sha256:43f52d4c6a0be301d53ebd867de05e2926c35728b3260157d274635a0a947f1c",
                "sha256:d1d6729c85acea5423671382868627129432fba9a89ecbb248d8d1c7a9f01c67",
                "sha256:54a935085f7bf101f86b2aff75bd9672b435f51c3339db2ff616e66845f2b8f9",
                "sha256:39504670abb5dae77f56f8eb63823937ce727d7cdd0088e6909e6dcac0f89043",
                "sha256:ddc93b6d41cfb81266a27d23a79e13805d4a5521032b512643af8729041a81b4",
                "sha256:f5c056e8f62d45ba8215e5cb8f50dfccb198b4b9fbea8500674f3443e4689589"
            ],
            "version": "==2017.2"
        },
        "requests": {
            "hashes": [
                "sha256:6a1b267aa90cac58ac3a765d067950e7dbbf75b1da07e895d1f594193a40a38b",
                "sha256:9c443e7324ba5b85070c4a818ade28bfabedf16ea10206da1132edaa6dda237e"
            ],
            "version": "==2.18.4"
        },
        "six": {
            "hashes": [
                "sha256:832dc0e10feb1aa2c68dcc57dbb658f1c7e65b9b61af69048abc87a2db00a0eb",
                "sha256:70e8a77beed4562e7f14fe23a786b54f6296e34344c23bc42f07b15018ff98e9"
            ],
            "version": "==1.11.0"
        },
        "sqlalchemy": {
            "hashes": [
                "sha256:f1191e29e35b6fe1aef7175a09b1707ebb7bd08d0b17cb0feada76c49e5a2d1e"
            ],
            "version": "==1.1.14"
        },
        "urllib3": {
            "hashes": [
                "sha256:06330f386d6e4b195fbfc736b297f58c5a892e4440e54d294d7004e3a9bbea1b",
                "sha256:cc44da8e1145637334317feebd728bd869a35285b93cbb4cca2577da7e62db4f"
            ],
            "version": "==1.22"
        },
        "virtualenv": {
            "hashes": [
                "sha256:39d88b533b422825d644087a21e78c45cf5af0ef7a99a1fc9fbb7b481e5c85b0",
                "sha256:02f8102c2436bb03b3ee6dede1919d1dac8a427541652e5ec95171ec8adbc93a"
            ],
            "version": "==15.1.0"
        },
        "virtualenv-clone": {
            "hashes": [
                "sha256:6b3be5cab59e455f08c9eda573d23006b7d6fb41fae974ddaa2b275c93cc4405"
            ],
            "version": "==0.2.6"
        }
    },
    "develop": {
        "alabaster": {
            "hashes": [
                "sha256:2eef172f44e8d301d25aff8068fddd65f767a3f04b5f15b0f4922f113aa1c732",
                "sha256:37cdcb9e9954ed60912ebc1ca12a9d12178c26637abdf124e3cde2341c257fe0"
            ],
            "version": "==0.7.10"
        },
        "argh": {
            "hashes": [
                "sha256:a9b3aaa1904eeb78e32394cd46c6f37ac0fb4af6dc488daa58971bdc7d7fcaf3",
                "sha256:e9535b8c84dc9571a48999094fda7f33e63c3f1b74f3e5f3ac0105a58405bb65"
            ],
            "version": "==0.26.2"
        },
        "aspy.yaml": {
            "hashes": [
                "sha256:be70cc0ccd1ee1d30f589f2403792eb2ffa7546470af0a17179541b13d8374df",
                "sha256:6215f44900ff65f27dbd00a36b06a7926276436ed377320cfd4febd69bbd4a94"
            ],
            "version": "==1.0.0"
        },
        "babel": {
            "hashes": [
                "sha256:f20b2acd44f587988ff185d8949c3e208b4b3d5d20fcab7d91fe481ffa435528",
                "sha256:6007daf714d0cd5524bbe436e2d42b3c20e68da66289559341e48d2cd6d25811"
            ],
            "version": "==2.5.1"
        },
        "cached-property": {
            "hashes": [
                "sha256:fe045921fe75c873064028e9fbbe06121114ccf613227f4ba284fa7d4c9ff27f",
                "sha256:6562f0be134957547421dda11640e8cadfa7c23238fc4e0821ab69efdb1095f3"
            ],
            "version": "==1.3.1"
        },
        "certifi": {
            "hashes": [
                "sha256:54a07c09c586b0e4c619f02a5e94e36619da8e2b053e20f594348c0611803704",
                "sha256:40523d2efb60523e113b44602298f0960e900388cf3bb6043f645cf57ea9e3f5"
            ],
            "version": "==2017.7.27.1"
        },
        "chardet": {
            "hashes": [
                "sha256:fc323ffcaeaed0e0a02bf4d117757b98aed530d9ed4531e3e15460124c106691",
                "sha256:84ab92ed1c4d4f16916e05906b6b75a6c0fb5db821cc65e70cbd64a3e2a5eaae"
            ],
            "version": "==3.0.4"
        },
        "coverage": {
            "hashes": [
                "sha256:c1456f66c536010cf9e4633a8853a9153e8fd588393695295afd4d0fc16c1d74",
                "sha256:97a7ec51cdde3a386e390b159b20f247ccb478084d925c75f1faa3d26c01335e",
                "sha256:83e955b975666b5a07d217135e7797857ce844eb340a99e46cc25525120417c4",
                "sha256:483ed14080c5301048128bb027b77978c632dd9e92e3ecb09b7e28f5b92abfcf",
                "sha256:ef574ab9640bcfa2f3c671831faf03f65788945fdf8efa4d4a1fffc034838e2a",
                "sha256:c5a205b4da3c624f5119dc4d84240789b5906bb8468902ec22dcc4aad8aa4638",
                "sha256:5dea90ed140e7fa9bc00463313f9bc4a6e6aff297b4969615e7a688615c4c4d2",
                "sha256:f9e83b39d29c2815a38e4118d776b482d4082b5bf9c9147fbc99a3f83abe480a",
                "sha256:700040c354f0230287906b1276635552a3def4b646e0145555bc9e2e5da9e365",
                "sha256:7f1eacae700c66c3d7362a433b228599c9d94a5a3a52613dddd9474e04deb6bc",
                "sha256:13ef9f799c8fb45c446a239df68034de3a6f3de274881b088bebd7f5661f79f8",
                "sha256:dfb011587e2b7299112f08a2a60d2601706aac9abde37aa1177ea825adaed923",
                "sha256:381be5d31d3f0d912334cf2c159bc7bea6bfe6b0e3df6061a3bf2bf88359b1f6",
                "sha256:83a477ac4f55a6ef59552683a0544d47b68a85ce6a80fd0ca6b3dc767f6495fb",
                "sha256:dfd35f1979da31bcabbe27bcf78d4284d69870731874af629082590023a77336",
                "sha256:9681efc2d310cfc53863cc6f63e88ebe7a48124550fa822147996cb09390b6ab",
                "sha256:53770b20ac5b4a12e99229d4bae57af0945be87cc257fce6c6c7571a39f0c5d4",
                "sha256:8801880d32f11b6df11c32a961e186774b4634ae39d7c43235f5a24368a85f07",
                "sha256:16db2c69a1acbcb3c13211e9f954e22b22a729909d81f983b6b9badacc466eda",
                "sha256:ef43a06a960b46c73c018704051e023ee6082030f145841ffafc8728039d5a88",
                "sha256:c3e2736664a6074fc9bd54fb643f5af0fc60bfedb2963b3d3f98c7450335e34c",
                "sha256:17709e22e4c9f5412ba90f446fb13b245cc20bf4a60377021bbff6c0f1f63e7c",
                "sha256:a2f7106d1167825c4115794c2ba57cc3b15feb6183db5328fa66f94c12902d8b",
                "sha256:2a08e978f402696c6956eee9d1b7e95d3ad042959b71bafe1f3e4557cbd6e0ac",
                "sha256:57f510bb16efaec0b6f371b64a8000c62e7e3b3e48e8b0a5745ade078d849814",
                "sha256:0f1883eab9c19aa243f51308751b8a2a547b9b817b721cc0ecf3efb99fafbea7",
                "sha256:e00fe141e22ce6e9395aa24d862039eb180c6b7e89df0bbaf9765e9aebe560a9",
                "sha256:ec596e4401553caa6dd2e3349ce47f9ef82c1f1bcba5d8ac3342724f0df8d6ff",
                "sha256:c820a533a943ebc860acc0ce6a00dd36e0fdf2c6f619ff8225755169428c5fa2",
                "sha256:b7f7283eb7badd2b8a9c6a9d6eeca200a0a24db6be79baee2c11398f978edcaa",
                "sha256:a5ed27ad3e8420b2d6b625dcbd3e59488c14ccc06030167bcf14ffb0f4189b77",
                "sha256:d7b70b7b4eb14d0753d33253fe4f121ca99102612e2719f0993607deb30c6f33",
                "sha256:4047dc83773869701bde934fb3c4792648eda7c0e008a77a0aec64157d246801",
                "sha256:7a9c44400ee0f3b4546066e0710e1250fd75831adc02ab99dda176ad8726f424",
                "sha256:0f649e68db74b1b5b8ca4161d08eb2b8fa8ae11af1ebfb80e80e112eb0ef5300",
                "sha256:52964fae0fafef8bd283ad8e9a9665205a9fdf912535434defc0ec3def1da26b",
                "sha256:36aa6c8db83bc27346ddcd8c2a60846a7178ecd702672689d3ea1828eb1a4d11",
                "sha256:9824e15b387d331c0fc0fef905a539ab69784368a1d6ac3db864b4182e520948",
                "sha256:4a678e1b9619a29c51301af61ab84122e2f8cc7a0a6b40854b808ac6be604300",
                "sha256:8bb7c8dca54109b61013bc4114d96effbf10dea136722c586bce3a5d9fc4e730",
                "sha256:1a41d621aa9b6ab6457b557a754d50aaff0813fad3453434de075496fca8a183",
                "sha256:0fa423599fc3d9e18177f913552cdb34a8d9ad33efcf52a98c9d4b644edb42c5",
                "sha256:e61a4ba0b2686040cb4828297c7e37bcaf3a1a1c0bc0dbe46cc789dde51a80fa",
                "sha256:ce9ef0fc99d11d418662e36fd8de6d71b19ec87c2eab961a117cc9d087576e72"
            ],
            "version": "==4.4.1"
        },
        "docutils": {
            "hashes": [
                "sha256:7a4bd47eaf6596e1295ecb11361139febe29b084a87bf005bf899f9a42edc3c6",
                "sha256:02aec4bd92ab067f6ff27a38a38a41173bf01bed8f89157768c1573f53e474a6",
                "sha256:51e64ef2ebfb29cae1faa133b3710143496eca21c530f3f71424d77687764274"
            ],
            "version": "==0.14"
        },
        "fancycompleter": {
            "hashes": [
                "sha256:5044bf91766dde3addfea81aaf36bacce89e1a872a10567f57e51f981c531eb7"
            ],
            "version": "==0.7"
        },
        "flake8": {
            "hashes": [
                "sha256:f1a9d8886a9cbefb52485f4f4c770832c7fb569c084a9a314fb1eaa37c0c2c86",
                "sha256:c20044779ff848f67f89c56a0e4624c04298cd476e25253ac0c36f910a1a11d8"
            ],
            "version": "==3.4.1"
        },
        "identify": {
            "hashes": [
                "sha256:744b81b0341bd4b40055136f14cc96ae935375c9b3e0362ba3e8ac43597e58fd",
                "sha256:06d3bcbdd64a2194a46c66fb5ca2b7536f3678279bda64119b7a063dd99a7ef2"
            ],
            "version": "==1.0.6"
        },
        "idna": {
            "hashes": [
                "sha256:8c7309c718f94b3a625cb648ace320157ad16ff131ae0af362c9f21b80ef6ec4",
                "sha256:2c6a5de3089009e3da7c5dde64a141dbc8551d5b7f6cf4ed7c2568d0cc520a8f"
            ],
            "version": "==2.6"
        },
        "imagesize": {
            "hashes": [
                "sha256:6ebdc9e0ad188f9d1b2cdd9bc59cbe42bf931875e829e7a595e6b3abdc05cdfb",
                "sha256:0ab2c62b87987e3252f89d30b7cedbec12a01af9274af9ffa48108f2c13c6062"
            ],
            "version": "==0.7.1"
        },
        "jinja2": {
            "hashes": [
                "sha256:2231bace0dfd8d2bf1e5d7e41239c06c9e0ded46e70cc1094a0aa64b0afeb054",
                "sha256:ddaa01a212cd6d641401cb01b605f4a4d9f37bfc93043d7f760ec70fb99ff9ff"
            ],
            "version": "==2.9.6"
        },
        "livereload": {
            "hashes": [
                "sha256:5ed6506f5d526ee712da9f3739c27714e6f3376f3e481728d298efceae0ec83a",
                "sha256:422de10d7ea9467a1ba27cbaffa84c74b809d96fb1598d9de4b9b676adf35e2c"
            ],
            "version": "==2.5.1"
        },
        "markupsafe": {
            "hashes": [
                "sha256:a6be69091dac236ea9c6bc7d012beab42010fa914c459791d627dad4910eb665"
            ],
            "version": "==1.0"
        },
        "mccabe": {
            "hashes": [
                "sha256:ab8a6258860da4b6677da4bd2fe5dc2c659cff31b3ee4f7f5d64e79735b80d42",
                "sha256:dd8d182285a0fe56bace7f45b5e7d1a6ebcbf524e8f3bd87eb0f125271b8831f"
            ],
            "version": "==0.6.1"
        },
        "nodeenv": {
            "hashes": [
                "sha256:98835dab727f94a713eacc7234e3db6777a55cafb60f391485011899e5c818df"
            ],
            "version": "==1.2.0"
        },
        "pathtools": {
            "hashes": [
                "sha256:7c35c5421a39bb82e58018febd90e3b6e5db34c5443aaaf742b3f33d4655f1c0"
            ],
            "version": "==0.1.2"
        },
        "pdbpp": {
            "hashes": [
                "sha256:4a8099079150bbd6b6eedcd6cc42573871bec7d7e7e094feeaca01a62f65959c"
            ],
            "version": "==0.9.1"
        },
        "port-for": {
            "hashes": [
                "sha256:b16a84bb29c2954db44c29be38b17c659c9c27e33918dec16b90d375cc596f1c"
            ],
            "version": "==0.3.1"
        },
        "pre-commit": {
            "hashes": [
                "sha256:6d2ac79fd526c83f1451d43d40dd19cbb25049f50b4f920d446e9523e0581590",
                "sha256:5862e7c5abc267ec40e80875f18a479f7c510b65b6c02cbe3d7a52548145c355"
            ],
            "version": "==1.3.0"
        },
        "py": {
            "hashes": [
                "sha256:2ccb79b01769d99115aa600d7eed99f524bf752bba8f041dc1c184853514655a",
                "sha256:0f2d585d22050e90c7d293b6451c83db097df77871974d90efd5a30dc12fcde3"
            ],
            "version": "==1.4.34"
        },
        "pycodestyle": {
            "hashes": [
                "sha256:6c4245ade1edfad79c3446fadfc96b0de2759662dc29d07d80a6f27ad1ca6ba9",
                "sha256:682256a5b318149ca0d2a9185d365d8864a768a28db66a84a2ea946bcc426766"
            ],
            "version": "==2.3.1"
        },
        "pyflakes": {
            "hashes": [
                "sha256:cc5eadfb38041f8366128786b4ca12700ed05bbf1403d808e89d57d67a3875a7",
                "sha256:aa0d4dff45c0cc2214ba158d29280f8fa1129f3e87858ef825930845146337f4"
            ],
            "version": "==1.5.0"
        },
        "pygments": {
            "hashes": [
                "sha256:78f3f434bcc5d6ee09020f92ba487f95ba50f1e3ef83ae96b9d5ffa1bab25c5d",
                "sha256:dbae1046def0efb574852fab9e90209b23f556367b5a320c0bcb871c77c3e8cc"
            ],
            "version": "==2.2.0"
        },
        "pytest": {
            "hashes": [
                "sha256:81a25f36a97da3313e1125fce9e7bbbba565bc7fec3c5beb14c262ddab238ac1",
                "sha256:27fa6617efc2869d3e969a3e75ec060375bfb28831ade8b5cdd68da3a741dc3c"
            ],
            "version": "==3.2.3"
        },
        "pytest-cov": {
            "hashes": [
                "sha256:890fe5565400902b0c78b5357004aab1c814115894f4f21370e2433256a3eeec",
                "sha256:03aa752cf11db41d281ea1d807d954c4eda35cfa1b21d6971966cc041bbf6e2d"
            ],
            "version": "==2.5.1"
        },
        "pytz": {
            "hashes": [
                "sha256:c883c2d6670042c7bc1688645cac73dd2b03193d1f7a6847b6154e96890be06d",
                "sha256:03c9962afe00e503e2d96abab4e8998a0f84d4230fa57afe1e0528473698cdd9",
                "sha256:487e7d50710661116325747a9cd1744d3323f8e49748e287bc9e659060ec6bf9",
                "sha256:43f52d4c6a0be301d53ebd867de05e2926c35728b3260157d274635a0a947f1c",
                "sha256:d1d6729c85acea5423671382868627129432fba9a89ecbb248d8d1c7a9f01c67",
                "sha256:54a935085f7bf101f86b2aff75bd9672b435f51c3339db2ff616e66845f2b8f9",
                "sha256:39504670abb5dae77f56f8eb63823937ce727d7cdd0088e6909e6dcac0f89043",
                "sha256:ddc93b6d41cfb81266a27d23a79e13805d4a5521032b512643af8729041a81b4",
                "sha256:f5c056e8f62d45ba8215e5cb8f50dfccb198b4b9fbea8500674f3443e4689589"
            ],
            "version": "==2017.2"
        },
        "pyyaml": {
            "hashes": [
                "sha256:3262c96a1ca437e7e4763e2843746588a965426550f3797a79fca9c6199c431f",
                "sha256:16b20e970597e051997d90dc2cddc713a2876c47e3d92d59ee198700c5427736",
                "sha256:e863072cdf4c72eebf179342c94e6989c67185842d9997960b3e69290b2fa269",
                "sha256:bc6bced57f826ca7cb5125a10b23fd0f2fff3b7c4701d64c439a300ce665fff8",
                "sha256:c01b880ec30b5a6e6aa67b09a2fe3fb30473008c85cd6a67359a1b15ed6d83a4",
                "sha256:827dc04b8fa7d07c44de11fabbc888e627fa8293b695e0f99cb544fdfa1bf0d1",
                "sha256:592766c6303207a20efc445587778322d7f73b161bd994f227adaa341ba212ab",
                "sha256:5f84523c076ad14ff5e6c037fe1c89a7f73a3e04cf0377cb4d017014976433f3",
                "sha256:0c507b7f74b3d2dd4d1322ec8a94794927305ab4cebbe89cc47fe5e81541e6e8",
                "sha256:b4c423ab23291d3945ac61346feeb9a0dc4184999ede5e7c43e1ffb975130ae6",
                "sha256:ca233c64c6e40eaa6c66ef97058cdc80e8d0157a443655baa1b2966e812807ca",
                "sha256:4474f8ea030b5127225b8894d626bb66c01cda098d47a2b0d3429b6700af9fd8",
                "sha256:326420cbb492172dec84b0f65c80942de6cedb5233c413dd824483989c000608",
                "sha256:5ac82e411044fb129bae5cfbeb3ba626acb2af31a8d17d175004b70862a741a7"
            ],
            "version": "==3.12"
        },
        "requests": {
            "hashes": [
                "sha256:6a1b267aa90cac58ac3a765d067950e7dbbf75b1da07e895d1f594193a40a38b",
                "sha256:9c443e7324ba5b85070c4a818ade28bfabedf16ea10206da1132edaa6dda237e"
            ],
            "version": "==2.18.4"
        },
        "simplejson": {
            "hashes": [
                "sha256:38c2b563cd03363e7cb2bbba6c20ae4eaafd853a83954c8c8dd345ee391787bf",
                "sha256:8d73b96a6ee7c81fd49dac7225e3846fd60b54a0b5b93a0aaea04c5a5d2e7bf2",
                "sha256:7f53ab6a675594f237ce7372c1edf742a6acb158149ed3259c5fffc5b613dc94",
                "sha256:86aa9fd492230c4b8b6814fcf089b36ffba2cec4d0635c8c642135b9067ebbd7",
                "sha256:7df76ae6cac4a62ad5295f9a9131857077d84cb15fad2011acb2ce7410476009",
                "sha256:a6939199c30b78ae31e62e6913f0e12cb71a4a5ad67c259e0a98688df027a5de",
                "sha256:11d91b88cc1e9645c79f0f6fd2961684249af963e2bbff5a00061ed4bbf55379",
                "sha256:36b0de42e3a8a51086c339cc803f6ac7a9d1d5254066d680956a195ca12cf0d8",
                "sha256:01a22d49ddd9a168b136f26cac87d9a335660ce07aa5c630b8e3607d6f4325e7",
                "sha256:ebbd52b59948350ad66205e66b299fcca0e0821ed275c21262c522f4a6cea9d2",
                "sha256:2dc7fb8c0c0ff9483ce31b93b700b1fa60aca9d099e6aca9813f28ff131ccf59",
                "sha256:97cc43ef4cb18a2725f6e26d22b96f8ca50872a195bde32707dcb284f89c1d4d",
                "sha256:c76d55d78dc8b06c96fd08c6cc5e2b0b650799627d3f9ca4ad23f40db72d5f6d",
                "sha256:1975e6b621fe1c2b9321c56476e8ebe1b851006517c1d67041b378950374694c",
                "sha256:f60f01b16215568a08611eb6a4d61d76c4173c3d69aac9cad593777056c284d5",
                "sha256:6be48181337ac5f5d9f48c9c504f317e245519318992122a05c40e482a721d59",
                "sha256:8ae8cdcbe49e29ddfdae0ab81c1f6c070706d18fcee86371352d0d54b47ad8ec"
            ],
            "version": "==3.11.1"
        },
        "six": {
            "hashes": [
                "sha256:832dc0e10feb1aa2c68dcc57dbb658f1c7e65b9b61af69048abc87a2db00a0eb",
                "sha256:70e8a77beed4562e7f14fe23a786b54f6296e34344c23bc42f07b15018ff98e9"
            ],
            "version": "==1.11.0"
        },
        "snowballstemmer": {
            "hashes": [
                "sha256:9f3bcd3c401c3e862ec0ebe6d2c069ebc012ce142cce209c098ccb5b09136e89",
                "sha256:919f26a68b2c17a7634da993d91339e288964f93c274f1343e3bbbe2096e1128"
            ],
            "version": "==1.2.1"
        },
        "sphinx": {
            "hashes": [
                "sha256:3e70eb94f7e81b47e0545ebc26b758193b6c8b222e152ded99b9c972e971c731",
                "sha256:f101efd87fbffed8d8aca6ef307fec57693334f39d32efcbc2fc96ed129f4a3e"
            ],
            "version": "==1.6.4"
        },
        "sphinx-autobuild": {
            "hashes": [
                "sha256:e60aea0789cab02fa32ee63c7acae5ef41c06f1434d9fd0a74250a61f5994692",
                "sha256:66388f81884666e3821edbe05dd53a0cfb68093873d17320d0610de8db28c74e"
            ],
            "version": "==0.7.1"
        },
        "sphinx-rtd-theme": {
            "hashes": [
                "sha256:62ee4752716e698bad7de8a18906f42d33664128eea06c46b718fc7fbd1a9f5c",
                "sha256:2df74b8ff6fae6965c527e97cca6c6c944886aae474b490e17f92adfbe843417"
            ],
            "version": "==0.2.4"
        },
        "sphinxcontrib-websupport": {
            "hashes": [
                "sha256:f4932e95869599b89bf4f80fc3989132d83c9faa5bf633e7b5e0c25dffb75da2",
                "sha256:7a85961326aa3a400cd4ad3c816d70ed6f7c740acd7ce5d78cd0a67825072eb9"
            ],
            "version": "==1.0.1"
        },
        "tornado": {
            "hashes": [
                "sha256:62a5d4c66bf4e86d25a02e9de97293860b59e61f9c465e80336ba0fc308aacf6",
                "sha256:f109c066411c44bcd3bc877267b45feb8e29092ede59dd0582739444c2344b00",
                "sha256:e66f47db4753c6f6849af1f82f04bdc7d2c1f5d64b7cc11ddd17230295c8887f",
                "sha256:2b40720a7b164848ca5c51fab0feac7e3717adcb87bec77f81f7809b72bf7f56",
                "sha256:1fb8e494cd46c674d86fac5885a3ff87b0e283937a47d74eb3c02a48c9e89ad0"
            ],
            "version": "==4.5.2"
        },
        "urllib3": {
            "hashes": [
                "sha256:06330f386d6e4b195fbfc736b297f58c5a892e4440e54d294d7004e3a9bbea1b",
                "sha256:cc44da8e1145637334317feebd728bd869a35285b93cbb4cca2577da7e62db4f"
            ],
            "version": "==1.22"
        },
        "virtualenv": {
            "hashes": [
                "sha256:39d88b533b422825d644087a21e78c45cf5af0ef7a99a1fc9fbb7b481e5c85b0",
                "sha256:02f8102c2436bb03b3ee6dede1919d1dac8a427541652e5ec95171ec8adbc93a"
            ],
            "version": "==15.1.0"
        },
        "watchdog": {
            "hashes": [
                "sha256:7e65882adb7746039b6f3876ee174952f8eaaa34491ba34333ddf1fe35de4162"
            ],
            "version": "==0.8.3"
        },
        "wmctrl": {
            "hashes": [
                "sha256:d806f65ac1554366b6e31d29d7be2e8893996c0acbb2824bbf2b1f49cf628a13"
            ],
            "version": "==0.3"
        },
        "yapf": {
            "hashes": [
                "sha256:3ac5887aa98d0ba35186d8a83fa948b880a353cd39df9d9c9ffa920f428e9e8d",
                "sha256:701b076a4916e3cfbba345e0297dcd54a02fd0fdcae1f43346f8a043c3bbd052"
            ],
            "version": "==0.19.0"
        }
    }
}
