{
    "_meta": {
        "hash": {
            "sha256": "65025acc4df54001bdd455025c2a87d1c7e8a156794cc0e341d08e4dfe5ecc64"
        },
        "requires": {},
        "sources": [
            {
                "url": "https://pypi.python.org/simple",
                "verify_ssl": true
            }
        ]
    },
    "default": {
        "django": {
            "version": "==1.11.2"
        },
        "djangorestframework": {
            "version": "==3.6.3"
        },
        "pytz": {
            "version": "==2017.2"
        },
        "six": {
            "version": "==1.10.0"
        },
        "sqlalchemy": {
            "version": "==1.1.10"
        }
    },
    "develop": {
        "aspy.yaml": {
            "version": "==0.3.0"
        },
        "cached-property": {
            "version": "==1.3.0"
        },
        "coverage": {
            "version": "==4.4.1"
        },
        "flake8": {
            "version": "==3.3.0"
        },
        "mccabe": {
            "version": "==0.6.1"
        },
        "nodeenv": {
            "version": "==1.1.2"
        },
        "pre-commit": {
            "version": "==0.14.1"
        },
        "py": {
            "version": "==1.4.34"
        },
        "pycodestyle": {
            "version": "==2.3.1"
        },
        "pyflakes": {
            "version": "==1.5.0"
        },
        "pytest": {
            "version": "==3.1.1"
        },
        "pytest-cov": {
            "version": "==2.5.1"
        },
        "pyyaml": {
            "version": "==3.12"
        },
        "setuptools": {
            "version": "==36.0.1"
        },
        "simplejson": {
            "version": "==3.10.0"
        },
        "six": {
            "version": "==1.10.0"
        },
        "virtualenv": {
            "version": "==15.1.0"
        }
    }
}
